
Microsoft Visual Studio Solution File, Format Version 12.00
# Visual Studio Version 17
VisualStudioVersion = 17.9.34616.47
MinimumVisualStudioVersion = 10.0.40219.1
Project("{FAE04EC0-301F-11D3-BF4B-00C04F79EFBC}") = "LoggerLib", "LoggerLib\LoggerLib.csproj", "{D210D0C5-8662-4002-B0F2-DBF3CDA39764}"
EndProject
Global
	GlobalSection(SolutionConfigurationPlatforms) = preSolution
		Debug|Any CPU = Debug|Any CPU
		Release|Any CPU = Release|Any CPU
	EndGlobalSection
	GlobalSection(ProjectConfigurationPlatforms) = postSolution
		{D210D0C5-8662-4002-B0F2-DBF3CDA39764}.Debug|Any CPU.ActiveCfg = Debug|Any CPU
		{D210D0C5-8662-4002-B0F2-DBF3CDA39764}.Debug|Any CPU.Build.0 = Debug|Any CPU
		{D210D0C5-8662-4002-B0F2-DBF3CDA39764}.Release|Any CPU.ActiveCfg = Release|Any CPU
		{D210D0C5-8662-4002-B0F2-DBF3CDA39764}.Release|Any CPU.Build.0 = Release|Any CPU
	EndGlobalSection
	GlobalSection(SolutionProperties) = preSolution
		HideSolutionNode = FALSE
	EndGlobalSection
	GlobalSection(ExtensibilityGlobals) = postSolution
		SolutionGuid = {3635C916-C0A2-4611-891E-56BD6A2A255C}
	EndGlobalSection
EndGlobal
